
Microsoft Visual Studio Solution File, Format Version 12.00
# Visual Studio Version 17
VisualStudioVersion = 17.6.33829.357
MinimumVisualStudioVersion = 10.0.40219.1
Project("{FAE04EC0-301F-11D3-BF4B-00C04F79EFBC}") = "postcard", "postcard\postcard.csproj", "{050F0D9D-C685-4B5F-ADC5-2709D19C585A}"
EndProject
Global
	GlobalSection(SolutionConfigurationPlatforms) = preSolution
		Debug|Any CPU = Debug|Any CPU
		Release|Any CPU = Release|Any CPU
	EndGlobalSection
	GlobalSection(ProjectConfigurationPlatforms) = postSolution
		{050F0D9D-C685-4B5F-ADC5-2709D19C585A}.Debug|Any CPU.ActiveCfg = Debug|Any CPU
		{050F0D9D-C685-4B5F-ADC5-2709D19C585A}.Debug|Any CPU.Build.0 = Debug|Any CPU
		{050F0D9D-C685-4B5F-ADC5-2709D19C585A}.Release|Any CPU.ActiveCfg = Release|Any CPU
		{050F0D9D-C685-4B5F-ADC5-2709D19C585A}.Release|Any CPU.Build.0 = Release|Any CPU
	EndGlobalSection
	GlobalSection(SolutionProperties) = preSolution
		HideSolutionNode = FALSE
	EndGlobalSection
	GlobalSection(ExtensibilityGlobals) = postSolution
		SolutionGuid = {370F95D0-C849-4A65-8FF9-A2F50639FC96}
	EndGlobalSection
EndGlobal
